
Microsoft Visual Studio Solution File, Format Version 12.00
# Visual Studio Version 16
VisualStudioVersion = 16.0.29123.88
MinimumVisualStudioVersion = 10.0.40219.1
Project("{FAE04EC0-301F-11D3-BF4B-00C04F79EFBC}") = "ShowMeRock", "ShowMeRock\ShowMeRock.csproj", "{C517AB29-0A07-4E40-A3B2-77EEF8EC9271}"
EndProject
Global
	GlobalSection(SolutionConfigurationPlatforms) = preSolution
		Debug|Any CPU = Debug|Any CPU
		Release|Any CPU = Release|Any CPU
	EndGlobalSection
	GlobalSection(ProjectConfigurationPlatforms) = postSolution
		{C517AB29-0A07-4E40-A3B2-77EEF8EC9271}.Debug|Any CPU.ActiveCfg = Debug|Any CPU
		{C517AB29-0A07-4E40-A3B2-77EEF8EC9271}.Debug|Any CPU.Build.0 = Debug|Any CPU
		{C517AB29-0A07-4E40-A3B2-77EEF8EC9271}.Release|Any CPU.ActiveCfg = Release|Any CPU
		{C517AB29-0A07-4E40-A3B2-77EEF8EC9271}.Release|Any CPU.Build.0 = Release|Any CPU
	EndGlobalSection
	GlobalSection(SolutionProperties) = preSolution
		HideSolutionNode = FALSE
	EndGlobalSection
	GlobalSection(ExtensibilityGlobals) = postSolution
		SolutionGuid = {DD080850-D53B-474B-99B3-E44DA8AE274F}
	EndGlobalSection
EndGlobal
